
Microsoft Visual Studio Solution File, Format Version 12.00
# Visual Studio Version 17
VisualStudioVersion = 17.4.33110.190
MinimumVisualStudioVersion = 10.0.40219.1
Project("{8BC9CEB8-8B4A-11D0-8D11-00A0C91BC942}") = "HomeWork12", "HomeWork12\HomeWork12.vcxproj", "{FC14E0FE-F44B-40E2-815A-FD63E1A7954B}"
EndProject
Global
	GlobalSection(SolutionConfigurationPlatforms) = preSolution
		Debug|x64 = Debug|x64
		Debug|x86 = Debug|x86
		Release|x64 = Release|x64
		Release|x86 = Release|x86
	EndGlobalSection
	GlobalSection(ProjectConfigurationPlatforms) = postSolution
		{FC14E0FE-F44B-40E2-815A-FD63E1A7954B}.Debug|x64.ActiveCfg = Debug|x64
		{FC14E0FE-F44B-40E2-815A-FD63E1A7954B}.Debug|x64.Build.0 = Debug|x64
		{FC14E0FE-F44B-40E2-815A-FD63E1A7954B}.Debug|x86.ActiveCfg = Debug|Win32
		{FC14E0FE-F44B-40E2-815A-FD63E1A7954B}.Debug|x86.Build.0 = Debug|Win32
		{FC14E0FE-F44B-40E2-815A-FD63E1A7954B}.Release|x64.ActiveCfg = Release|x64
		{FC14E0FE-F44B-40E2-815A-FD63E1A7954B}.Release|x64.Build.0 = Release|x64
		{FC14E0FE-F44B-40E2-815A-FD63E1A7954B}.Release|x86.ActiveCfg = Release|Win32
		{FC14E0FE-F44B-40E2-815A-FD63E1A7954B}.Release|x86.Build.0 = Release|Win32
	EndGlobalSection
	GlobalSection(SolutionProperties) = preSolution
		HideSolutionNode = FALSE
	EndGlobalSection
	GlobalSection(ExtensibilityGlobals) = postSolution
		SolutionGuid = {1D74329D-0DB6-4E1F-BFCA-775FA60B034B}
	EndGlobalSection
EndGlobal
